
Microsoft Visual Studio Solution File, Format Version 12.00
# Visual Studio Version 16
VisualStudioVersion = 16.0.30002.166
MinimumVisualStudioVersion = 10.0.40219.1
Project("{FAE04EC0-301F-11D3-BF4B-00C04F79EFBC}") = "Snake_origin", "Snake_origin\Snake_origin.csproj", "{145B04CE-4F47-422C-9AD0-159EB59AF868}"
EndProject
Global
	GlobalSection(SolutionConfigurationPlatforms) = preSolution
		Debug|Any CPU = Debug|Any CPU
		Release|Any CPU = Release|Any CPU
	EndGlobalSection
	GlobalSection(ProjectConfigurationPlatforms) = postSolution
		{145B04CE-4F47-422C-9AD0-159EB59AF868}.Debug|Any CPU.ActiveCfg = Debug|Any CPU
		{145B04CE-4F47-422C-9AD0-159EB59AF868}.Debug|Any CPU.Build.0 = Debug|Any CPU
		{145B04CE-4F47-422C-9AD0-159EB59AF868}.Release|Any CPU.ActiveCfg = Release|Any CPU
		{145B04CE-4F47-422C-9AD0-159EB59AF868}.Release|Any CPU.Build.0 = Release|Any CPU
	EndGlobalSection
	GlobalSection(SolutionProperties) = preSolution
		HideSolutionNode = FALSE
	EndGlobalSection
	GlobalSection(ExtensibilityGlobals) = postSolution
		SolutionGuid = {6A68BBAE-5176-4514-B4BF-1914B67EC48E}
	EndGlobalSection
EndGlobal
